{
	"name": "gpsd-node-server",
	"version": "1.0.0",
	"lockfileVersion": 3,
	"requires": true,
	"packages": {
		"": {
			"name": "gpsd-node-server",
			"version": "1.0.0",
			"funding": [
				{
					"type": "PayPal",
					"url": "https://www.paypal.com/donate/?hosted_button_id=MXB2U5XFZBKB6"
				},
				{
					"type": "CashApp",
					"url": "http://cash.app/$JahdaiCintron"
				}
			],
			"license": "GPL-3.0-or-later",
			"dependencies": {
				"node-gpsd-client": "^1.4.1",
				"ws": "^8.21.0"
			}
		},
		"node_modules/node-gpsd-client": {
			"version": "1.4.1",
			"resolved": "https://registry.npmjs.org/node-gpsd-client/-/node-gpsd-client-1.4.1.tgz",
			"integrity": "sha512-tNc7MnEqQbLibSDeQ+6zG2iutI3Am4QuyeWiYOhWOBLZXDR9Om+vgX78qF6FsEaRMzRzQBFgyj1NtMEXv3yl7w=="
		},
		"node_modules/ws": {
			"version": "8.21.0",
			"resolved": "https://registry.npmjs.org/ws/-/ws-8.21.0.tgz",
			"integrity": "sha512-Vsp28b7DRcimFQvrqu2Wek3z1iYxDCWqHYB8Qsnk/S4RfaCQzPGPyBNuVjJV3cd6UiKtUtp6sNM77gWvzcCH+g==",
			"license": "MIT",
			"engines": {
				"node": ">=10.0.0"
			},
			"peerDependencies": {
				"bufferutil": "^4.0.1",
				"utf-8-validate": ">=5.0.2"
			},
			"peerDependenciesMeta": {
				"bufferutil": {
					"optional": true
				},
				"utf-8-validate": {
					"optional": true
				}
			}
		}
	}
}
