{
	"name": "gpsd-node-server",
	"version": "1.0.0",
	"lockfileVersion": 3,
	"requires": true,
	"packages": {
		"": {
			"name": "gpsd-node-server",
			"version": "1.0.0",
			"funding": [
				{
					"type": "PayPal",
					"url": "https://www.paypal.com/donate/?hosted_button_id=MXB2U5XFZBKB6"
				},
				{
					"type": "CashApp",
					"url": "http://cash.app/$JahdaiCintron"
				}
			],
			"license": "GPL-3.0-or-later",
			"dependencies": {
				"node-gpsd-client": "^1.4.1"
			}
		},
		"node_modules/node-gpsd-client": {
			"version": "1.4.1",
			"resolved": "https://registry.npmjs.org/node-gpsd-client/-/node-gpsd-client-1.4.1.tgz",
			"integrity": "sha512-tNc7MnEqQbLibSDeQ+6zG2iutI3Am4QuyeWiYOhWOBLZXDR9Om+vgX78qF6FsEaRMzRzQBFgyj1NtMEXv3yl7w=="
		}
	}
}
